
Microsoft Visual Studio Solution File, Format Version 12.00
# Visual Studio Version 17
VisualStudioVersion = 17.3.32922.545
MinimumVisualStudioVersion = 10.0.40219.1
Project("{8BC9CEB8-8B4A-11D0-8D11-00A0C91BC942}") = "DLL", "DLL\DLL.vcxproj", "{FC9351AC-944E-4CD4-B8E2-A04C9213B811}"
EndProject
Global
	GlobalSection(SolutionConfigurationPlatforms) = preSolution
		Debug|x64 = Debug|x64
		Debug|x86 = Debug|x86
		Release|x64 = Release|x64
		Release|x86 = Release|x86
	EndGlobalSection
	GlobalSection(ProjectConfigurationPlatforms) = postSolution
		{FC9351AC-944E-4CD4-B8E2-A04C9213B811}.Debug|x64.ActiveCfg = Debug|x64
		{FC9351AC-944E-4CD4-B8E2-A04C9213B811}.Debug|x64.Build.0 = Debug|x64
		{FC9351AC-944E-4CD4-B8E2-A04C9213B811}.Debug|x86.ActiveCfg = Debug|Win32
		{FC9351AC-944E-4CD4-B8E2-A04C9213B811}.Debug|x86.Build.0 = Debug|Win32
		{FC9351AC-944E-4CD4-B8E2-A04C9213B811}.Release|x64.ActiveCfg = Release|x64
		{FC9351AC-944E-4CD4-B8E2-A04C9213B811}.Release|x64.Build.0 = Release|x64
		{FC9351AC-944E-4CD4-B8E2-A04C9213B811}.Release|x86.ActiveCfg = Release|Win32
		{FC9351AC-944E-4CD4-B8E2-A04C9213B811}.Release|x86.Build.0 = Release|Win32
	EndGlobalSection
	GlobalSection(SolutionProperties) = preSolution
		HideSolutionNode = FALSE
	EndGlobalSection
	GlobalSection(ExtensibilityGlobals) = postSolution
		SolutionGuid = {871F2C64-CC81-4CD0-85D2-FDC198305B84}
	EndGlobalSection
EndGlobal
